
Microsoft Visual Studio Solution File, Format Version 12.00
# Visual Studio Version 17
VisualStudioVersion = 17.6.33815.320
MinimumVisualStudioVersion = 10.0.40219.1
Project("{8BC9CEB8-8B4A-11D0-8D11-00A0C91BC942}") = "Script2", "Script2.vcxproj", "{42D3511D-CAFD-498E-B144-B13E0EA4F8EE}"
EndProject
Global
	GlobalSection(SolutionConfigurationPlatforms) = preSolution
		Debug|x64 = Debug|x64
		Debug|x86 = Debug|x86
		Release|x64 = Release|x64
		Release|x86 = Release|x86
	EndGlobalSection
	GlobalSection(ProjectConfigurationPlatforms) = postSolution
		{42D3511D-CAFD-498E-B144-B13E0EA4F8EE}.Debug|x64.ActiveCfg = Debug|x64
		{42D3511D-CAFD-498E-B144-B13E0EA4F8EE}.Debug|x64.Build.0 = Debug|x64
		{42D3511D-CAFD-498E-B144-B13E0EA4F8EE}.Debug|x86.ActiveCfg = Debug|Win32
		{42D3511D-CAFD-498E-B144-B13E0EA4F8EE}.Debug|x86.Build.0 = Debug|Win32
		{42D3511D-CAFD-498E-B144-B13E0EA4F8EE}.Release|x64.ActiveCfg = Release|x64
		{42D3511D-CAFD-498E-B144-B13E0EA4F8EE}.Release|x64.Build.0 = Release|x64
		{42D3511D-CAFD-498E-B144-B13E0EA4F8EE}.Release|x86.ActiveCfg = Release|Win32
		{42D3511D-CAFD-498E-B144-B13E0EA4F8EE}.Release|x86.Build.0 = Release|Win32
	EndGlobalSection
	GlobalSection(SolutionProperties) = preSolution
		HideSolutionNode = FALSE
	EndGlobalSection
	GlobalSection(ExtensibilityGlobals) = postSolution
		SolutionGuid = {931F53AF-E7AB-489D-9094-6D7410FFA8A7}
	EndGlobalSection
EndGlobal
